PODS:
  - Flutter (1.0.0)
  - longdo_maps_api3_flutter (0.0.1):
    - Flutter
  - ObjectBox (1.9.2)
  - objectbox_flutter_libs (0.0.1):
    - Flutter
    - ObjectBox (= 1.9.2)

DEPENDENCIES:
  - Flutter (from `Flutter`)
  - longdo_maps_api3_flutter (from `.symlinks/plugins/longdo_maps_api3_flutter/ios`)
  - objectbox_flutter_libs (from `.symlinks/plugins/objectbox_flutter_libs/ios`)

SPEC REPOS:
  trunk:
    - ObjectBox

EXTERNAL SOURCES:
  Flutter:
    :path: Flutter
  longdo_maps_api3_flutter:
    :path: ".symlinks/plugins/longdo_maps_api3_flutter/ios"
  objectbox_flutter_libs:
    :path: ".symlinks/plugins/objectbox_flutter_libs/ios"

SPEC CHECKSUMS:
  Flutter: cabc95a1d2626b1b06e7179b784ebcf0c0cde467
  longdo_maps_api3_flutter: 48903d435f08ec5fd109c209656e6a7b6d62a2f3
  ObjectBox: 46757a559717ab49b1cc0612eaff82b705acf394
  objectbox_flutter_libs: d196bad2ce3e05e9a8e18529f31634a1a2457c4c

PODFILE CHECKSUM: 3c63482e143d1b91d2d2560aee9fb04ecc74ac7e

COCOAPODS: 1.16.2
